
Microsoft Visual Studio Solution File, Format Version 12.00
# Visual Studio Version 17
VisualStudioVersion = 17.7.34221.43
MinimumVisualStudioVersion = 10.0.40219.1
Project("{FAE04EC0-301F-11D3-BF4B-00C04F79EFBC}") = "ConsoleApp11", "ConsoleApp11.csproj", "{32489CAB-33A8-457C-9175-26F523174DED}"
EndProject
Global
	GlobalSection(SolutionConfigurationPlatforms) = preSolution
		Debug|Any CPU = Debug|Any CPU
		Release|Any CPU = Release|Any CPU
	EndGlobalSection
	GlobalSection(ProjectConfigurationPlatforms) = postSolution
		{32489CAB-33A8-457C-9175-26F523174DED}.Debug|Any CPU.ActiveCfg = Debug|Any CPU
		{32489CAB-33A8-457C-9175-26F523174DED}.Debug|Any CPU.Build.0 = Debug|Any CPU
		{32489CAB-33A8-457C-9175-26F523174DED}.Release|Any CPU.ActiveCfg = Release|Any CPU
		{32489CAB-33A8-457C-9175-26F523174DED}.Release|Any CPU.Build.0 = Release|Any CPU
	EndGlobalSection
	GlobalSection(SolutionProperties) = preSolution
		HideSolutionNode = FALSE
	EndGlobalSection
	GlobalSection(ExtensibilityGlobals) = postSolution
		SolutionGuid = {9DB55289-6E84-4C2F-95E1-4662A02F9E37}
	EndGlobalSection
EndGlobal
